<?xml version="1.0" encoding="utf-8"?>
<Project ToolsVersion="4.0" xmlns="http://schemas.microsoft.com/developer/msbuild/2003">
  <ItemGroup>
    <ClCompile Include="test.cpp" />
    <ClCompile Include="pch.cpp" />
    <ClCompile Include="tests\ArrayTests.cpp" />
    <ClCompile Include="tests\CPPTests.cpp" />
    <ClCompile Include="tests\DaysChallengesTests.cpp" />
    <ClCompile Include="tests\GreedyAlgorithmsTests.cpp" />
    <ClCompile Include="tests\HashTablesTests.cpp" />
    <ClCompile Include="tests\SortingTests.cpp" />
    <ClCompile Include="tests\StringTests.cpp" />
    <ClCompile Include="tests\WarmUpsTests.cpp" />
    <ClCompile Include="tests\list\singly\SplitSLLTests.cpp" />
    <ClCompile Include="tests\list\singly\InsertSLLTests.cpp" />
    <ClCompile Include="tests\list\singly\DeleteSLLTests.cpp" />
    <ClCompile Include="tests\list\singly\GetSLLTests.cpp" />
    <ClCompile Include="tests\list\singly\TransformSLLTests.cpp" />
    <ClCompile Include="tests\list\singly\MergeSLLTests.cpp" />
    <ClCompile Include="tests\list\singly\ValidateSLLTests.cpp" />
    <ClCompile Include="tests\list\singly\SLLMiscellaneous.cpp" />
    <ClCompile Include="tests\list\singly\SLL_API_Tests.cpp" />
    <ClCompile Include="tests\list\singly\api\_Api_Transform_Tests.cpp" />
    <ClCompile Include="tests\list\singly\api\_Api_Erase_Tests.cpp" />
  </ItemGroup>
  <ItemGroup>
    <ClInclude Include="pch.h" />
    <ClInclude Include="tests\list\singly\slltests.h" />
  </ItemGroup>
  <ItemGroup>
    <None Include="packages.config" />
  </ItemGroup>
</Project>