<?xml version="1.0" encoding="utf-8"?>
<Project ToolsVersion="4.0" xmlns="http://schemas.microsoft.com/developer/msbuild/2003">
  <ItemGroup>
    <Filter Include="Исходные файлы">
      <UniqueIdentifier>{4FC737F1-C7A5-4376-A066-2A32D752A2FF}</UniqueIdentifier>
      <Extensions>cpp;c;cc;cxx;c++;cppm;ixx;def;odl;idl;hpj;bat;asm;asmx</Extensions>
    </Filter>
    <Filter Include="Файлы заголовков">
      <UniqueIdentifier>{93995380-89BD-4b04-88EB-625FBE52EBFB}</UniqueIdentifier>
      <Extensions>h;hh;hpp;hxx;h++;hm;inl;inc;ipp;xsd</Extensions>
    </Filter>
    <Filter Include="Файлы ресурсов">
      <UniqueIdentifier>{67DA6AB6-F800-4c08-8B7A-83BB121AAD01}</UniqueIdentifier>
      <Extensions>rc;ico;cur;bmp;dlg;rc2;rct;bin;rgs;gif;jpg;jpeg;jpe;resx;tiff;tif;png;wav;mfcribbon-ms</Extensions>
    </Filter>
    <Filter Include="Исходные файлы\_CPP_Challenges">
      <UniqueIdentifier>{c87c89a3-63eb-460f-bb1f-af78b89b96f9}</UniqueIdentifier>
    </Filter>
    <Filter Include="Исходные файлы\_DaysChallenges">
      <UniqueIdentifier>{f2ed95e3-6ba4-4f01-bd2a-c92d80166825}</UniqueIdentifier>
    </Filter>
    <Filter Include="Исходные файлы\_GreedyAlgorithms">
      <UniqueIdentifier>{34578110-7ece-4caa-a28c-7796e3fb7b31}</UniqueIdentifier>
    </Filter>
    <Filter Include="Исходные файлы\_Lists">
      <UniqueIdentifier>{b00e809a-882a-46fd-afac-6e4cfb64f988}</UniqueIdentifier>
    </Filter>
    <Filter Include="Исходные файлы\_STDLibraryChallenges">
      <UniqueIdentifier>{a18a451c-0729-4915-ba65-363371dacf24}</UniqueIdentifier>
    </Filter>
  </ItemGroup>
  <ItemGroup>
    <ClCompile Include="HackerRankChallenges.cpp">
      <Filter>Исходные файлы</Filter>
    </ClCompile>
    <ClCompile Include="HackerRankMiscellaneous.cpp">
      <Filter>Исходные файлы</Filter>
    </ClCompile>
    <ClCompile Include="Strings\AlternatingCharsChallenge.cpp">
      <Filter>Исходные файлы</Filter>
    </ClCompile>
    <ClCompile Include="Std\AllAnyNoneOfChallenge.cpp">
      <Filter>Исходные файлы</Filter>
    </ClCompile>
    <ClCompile Include="CppChallenges\ArrayIntroductionChallenge.cpp">
      <Filter>Исходные файлы</Filter>
    </ClCompile>
    <ClCompile Include="Arrays\ArrayManipulationChallenge.cpp">
      <Filter>Исходные файлы</Filter>
    </ClCompile>
    <ClCompile Include="CppChallenges\ConditionalStatementsChallenge.cpp">
      <Filter>Исходные файлы</Filter>
    </ClCompile>
    <ClCompile Include="CppChallenges\CPPBoxItChallenge.cpp">
      <Filter>Исходные файлы</Filter>
    </ClCompile>
    <ClCompile Include="CppChallenges\CPPClassAndObjectChallenge.cpp">
      <Filter>Исходные файлы</Filter>
    </ClCompile>
    <ClCompile Include="CppChallenges\CPPClassChallenge.cpp">
      <Filter>Исходные файлы</Filter>
    </ClCompile>
    <ClCompile Include="CppChallenges\CPPClassTemplateChallenge.cpp">
      <Filter>Исходные файлы</Filter>
    </ClCompile>
    <ClCompile Include="CppChallenges\CPPInheritanceIntroChallenge.cpp">
      <Filter>Исходные файлы</Filter>
    </ClCompile>
    <ClCompile Include="CppChallenges\CPPLowerBoundChallenge.cpp">
      <Filter>Исходные файлы</Filter>
    </ClCompile>
    <ClCompile Include="CppChallenges\CPPMapChallenge.cpp">
      <Filter>Исходные файлы</Filter>
    </ClCompile>
    <ClCompile Include="CppChallenges\CPPOverloadOperatorChallenge.cpp">
      <Filter>Исходные файлы</Filter>
    </ClCompile>
    <ClCompile Include="CppChallenges\CPPPreprocessorChallenge.cpp">
      <Filter>Исходные файлы</Filter>
    </ClCompile>
    <ClCompile Include="CppChallenges\CPPPrettyPrintChallenge.cpp">
      <Filter>Исходные файлы</Filter>
    </ClCompile>
    <ClCompile Include="CppChallenges\CPPSetChallenge.cpp">
      <Filter>Исходные файлы</Filter>
    </ClCompile>
    <ClCompile Include="CppChallenges\CPPStringsChallenge.cpp">
      <Filter>Исходные файлы</Filter>
    </ClCompile>
    <ClCompile Include="CppChallenges\CPPStructChallenge.cpp">
      <Filter>Исходные файлы</Filter>
    </ClCompile>
    <ClCompile Include="CppChallenges\CPPVectorEraseChallenge.cpp">
      <Filter>Исходные файлы</Filter>
    </ClCompile>
    <ClCompile Include="DaysChallenges\Day1IfStatementChallenge.cpp">
      <Filter>Исходные файлы</Filter>
    </ClCompile>
    <ClCompile Include="DaysChallenges\Day2DataTypesChallenge.cpp">
      <Filter>Исходные файлы</Filter>
    </ClCompile>
    <ClCompile Include="DaysChallenges\Day3OperatorsChallenge.cpp">
      <Filter>Исходные файлы</Filter>
    </ClCompile>
    <ClCompile Include="DaysChallenges\day4ClassVsInstanceChallenge.cpp">
      <Filter>Исходные файлы</Filter>
    </ClCompile>
    <ClCompile Include="DaysChallenges\Day5LoopsChallenge.cpp">
      <Filter>Исходные файлы</Filter>
    </ClCompile>
    <ClCompile Include="DaysChallenges\Day6LetsReviewChallenge.cpp">
      <Filter>Исходные файлы</Filter>
    </ClCompile>
    <ClCompile Include="DaysChallenges\Day7ArraysChallenge.cpp">
      <Filter>Исходные файлы</Filter>
    </ClCompile>
    <ClCompile Include="DaysChallenges\Day8DictionariesandMaps.cpp">
      <Filter>Исходные файлы</Filter>
    </ClCompile>
    <ClCompile Include="DaysChallenges\Day9RecursionChallenge.cpp">
      <Filter>Исходные файлы</Filter>
    </ClCompile>
    <ClCompile Include="DaysChallenges\Day12InheritanceChallenge.cpp">
      <Filter>Исходные файлы</Filter>
    </ClCompile>
    <ClCompile Include="DaysChallenges\Day13AbstractClassesChallenge.cpp">
      <Filter>Исходные файлы</Filter>
    </ClCompile>
    <ClCompile Include="DaysChallenges\Day14ScopeChallenge.cpp">
      <Filter>Исходные файлы</Filter>
    </ClCompile>
    <ClCompile Include="DaysChallenges\Day15LinkedListChallenge.cpp">
      <Filter>Исходные файлы</Filter>
    </ClCompile>
    <ClCompile Include="DaysChallenges\Day16ExceptionsChallenge.cpp">
      <Filter>Исходные файлы</Filter>
    </ClCompile>
    <ClCompile Include="DaysChallenges\Day17MoreExceptionsChallenge.cpp">
      <Filter>Исходные файлы</Filter>
    </ClCompile>
    <ClCompile Include="DaysChallenges\Day18QueuesAndStacksChallenge.cpp">
      <Filter>Исходные файлы</Filter>
    </ClCompile>
    <ClCompile Include="DaysChallenges\Day19InterfaceChallenge.cpp">
      <Filter>Исходные файлы</Filter>
    </ClCompile>
    <ClCompile Include="DaysChallenges\Day20BubbleSortChallenge.cpp">
      <Filter>Исходные файлы</Filter>
    </ClCompile>
    <ClCompile Include="DaysChallenges\Day21GenericChallenge.cpp">
      <Filter>Исходные файлы</Filter>
    </ClCompile>
    <ClCompile Include="MIPT\CompositeNumsChallenge.cpp">
      <Filter>Исходные файлы</Filter>
    </ClCompile>
    <ClCompile Include="ProblemSolving\CountingValleysChallenge.cpp">
      <Filter>Исходные файлы</Filter>
    </ClCompile>
    <ClCompile Include="ProblemSolving\CountRatioTripletsChallenge.cpp">
      <Filter>Исходные файлы</Filter>
    </ClCompile>
    <ClCompile Include="Strings\CommonChildChallenge.cpp">
      <Filter>Исходные файлы</Filter>
    </ClCompile>
    <ClCompile Include="Strings\ComparatorSortChallenge.cpp">
      <Filter>Исходные файлы</Filter>
    </ClCompile>
    <ClCompile Include="GreedyAlgorithms\LuckBalanceChallenge.cpp">
      <Filter>Исходные файлы</Filter>
    </ClCompile>
    <ClCompile Include="GreedyAlgorithms\MarkAndToysChallenge.cpp">
      <Filter>Исходные файлы</Filter>
    </ClCompile>
    <ClCompile Include="GreedyAlgorithms\MinAbsDifferenceChallenge.cpp">
      <Filter>Исходные файлы</Filter>
    </ClCompile>
    <ClCompile Include="HashTables\RansomNoteChallenge.cpp">
      <Filter>Исходные файлы</Filter>
    </ClCompile>
    <ClCompile Include="Lists\DoubleLinkedList.cpp">
      <Filter>Исходные файлы</Filter>
    </ClCompile>
    <ClCompile Include="Lists\DoublyLinkedListChallenges.cpp">
      <Filter>Исходные файлы</Filter>
    </ClCompile>
    <ClCompile Include="Lists\SinglyLinkedList.cpp">
      <Filter>Исходные файлы</Filter>
    </ClCompile>
    <ClCompile Include="Lists\SinglyLinkedListChallenges.cpp">
      <Filter>Исходные файлы</Filter>
    </ClCompile>
    <ClCompile Include="ProblemSolving\FrequencyQuieriesChallenge.cpp">
      <Filter>Исходные файлы</Filter>
    </ClCompile>
    <ClCompile Include="ProblemSolving\JumpingOnCloudsChallenge.cpp">
      <Filter>Исходные файлы</Filter>
    </ClCompile>
    <ClCompile Include="ProblemSolving\MinimumSwap2Challenge.cpp">
      <Filter>Исходные файлы</Filter>
    </ClCompile>
    <ClCompile Include="ProblemSolving\NewYearChaosChallenge.cpp">
      <Filter>Исходные файлы</Filter>
    </ClCompile>
    <ClCompile Include="Sorting\FraudulentNotifications.cpp">
      <Filter>Исходные файлы</Filter>
    </ClCompile>
    <ClCompile Include="Strings\RepeatedStringChallenge.cpp">
      <Filter>Исходные файлы</Filter>
    </ClCompile>
    <ClCompile Include="Strings\SherlockAnagramsChallenge.cpp">
      <Filter>Исходные файлы</Filter>
    </ClCompile>
    <ClCompile Include="Strings\SherlockValidStringChallenge.cpp">
      <Filter>Исходные файлы</Filter>
    </ClCompile>
    <ClCompile Include="Strings\SpecialStrAgainChallenge.cpp">
      <Filter>Исходные файлы</Filter>
    </ClCompile>
    <ClCompile Include="Strings\StringsAnagramsChallenge.cpp">
      <Filter>Исходные файлы</Filter>
    </ClCompile>
    <ClCompile Include="Strings\StringStreamChallenge.cpp">
      <Filter>Исходные файлы</Filter>
    </ClCompile>
    <ClCompile Include="Strings\TwoStringsCallenge.cpp">
      <Filter>Исходные файлы</Filter>
    </ClCompile>
    <ClCompile Include="DaysChallenges\MultyInheritanceChallenge.cpp">
      <Filter>Исходные файлы</Filter>
    </ClCompile>
    <ClCompile Include="Arrays\HourglassChallenge.cpp">
      <Filter>Исходные файлы</Filter>
    </ClCompile>
    <ClCompile Include="Arrays\LeftRotationChallenge.cpp">
      <Filter>Исходные файлы</Filter>
    </ClCompile>
    <ClCompile Include="Arrays\MergeSortChallenge.cpp">
      <Filter>Исходные файлы</Filter>
    </ClCompile>
    <ClCompile Include="Arrays\SocksMerchantChallenge.cpp">
      <Filter>Исходные файлы</Filter>
    </ClCompile>
    <ClCompile Include="Arrays\VariableSizedArraysChallenge.cpp">
      <Filter>Исходные файлы</Filter>
    </ClCompile>
    <ClCompile Include="Arrays\VectorSortChallenge.cpp">
      <Filter>Исходные файлы</Filter>
    </ClCompile>
    <ClCompile Include="CppChallenges\DataTypesChallenge.cpp">
      <Filter>Исходные файлы</Filter>
    </ClCompile>
    <ClCompile Include="CppChallenges\DequeSTLChallenge.cpp">
      <Filter>Исходные файлы</Filter>
    </ClCompile>
    <ClCompile Include="CppChallenges\ForLoopChallenge.cpp">
      <Filter>Исходные файлы</Filter>
    </ClCompile>
    <ClCompile Include="CppChallenges\FunctionsChallenge.cpp">
      <Filter>Исходные файлы</Filter>
    </ClCompile>
    <ClCompile Include="CppChallenges\InputOutputChallenge.cpp">
      <Filter>Исходные файлы</Filter>
    </ClCompile>
    <ClCompile Include="CppChallenges\PointerChallenge.cpp">
      <Filter>Исходные файлы</Filter>
    </ClCompile>
    <ClCompile Include="CppChallenges\RectangleAreaChallenge.cpp">
      <Filter>Исходные файлы</Filter>
    </ClCompile>
    <ClCompile Include="Sorting\BubbleSortChallenge.cpp">
      <Filter>Исходные файлы</Filter>
    </ClCompile>
  </ItemGroup>
  <ItemGroup>
    <ClInclude Include="Challenges.h">
      <Filter>Исходные файлы</Filter>
    </ClInclude>
    <ClInclude Include="HackerRankMiscellaneous.h">
      <Filter>Исходные файлы</Filter>
    </ClInclude>
    <ClInclude Include="Lists\DoubleLinkedList.h">
      <Filter>Файлы заголовков</Filter>
    </ClInclude>
    <ClInclude Include="Lists\SinglyLinkedList.h">
      <Filter>Файлы заголовков</Filter>
    </ClInclude>
  </ItemGroup>
</Project>